
Microsoft Visual Studio Solution File, Format Version 12.00
# Visual Studio Version 17
VisualStudioVersion = 17.7.34024.191
MinimumVisualStudioVersion = 10.0.40219.1
Project("{8BC9CEB8-8B4A-11D0-8D11-00A0C91BC942}") = "lab4", "lab4\lab4.vcxproj", "{3D7D4A44-B14B-47CB-8C0C-4D3C861AF7AB}"
EndProject
Global
	GlobalSection(SolutionConfigurationPlatforms) = preSolution
		Debug|x64 = Debug|x64
		Debug|x86 = Debug|x86
		Release|x64 = Release|x64
		Release|x86 = Release|x86
	EndGlobalSection
	GlobalSection(ProjectConfigurationPlatforms) = postSolution
		{3D7D4A44-B14B-47CB-8C0C-4D3C861AF7AB}.Debug|x64.ActiveCfg = Debug|x64
		{3D7D4A44-B14B-47CB-8C0C-4D3C861AF7AB}.Debug|x64.Build.0 = Debug|x64
		{3D7D4A44-B14B-47CB-8C0C-4D3C861AF7AB}.Debug|x86.ActiveCfg = Debug|Win32
		{3D7D4A44-B14B-47CB-8C0C-4D3C861AF7AB}.Debug|x86.Build.0 = Debug|Win32
		{3D7D4A44-B14B-47CB-8C0C-4D3C861AF7AB}.Release|x64.ActiveCfg = Release|x64
		{3D7D4A44-B14B-47CB-8C0C-4D3C861AF7AB}.Release|x64.Build.0 = Release|x64
		{3D7D4A44-B14B-47CB-8C0C-4D3C861AF7AB}.Release|x86.ActiveCfg = Release|Win32
		{3D7D4A44-B14B-47CB-8C0C-4D3C861AF7AB}.Release|x86.Build.0 = Release|Win32
	EndGlobalSection
	GlobalSection(SolutionProperties) = preSolution
		HideSolutionNode = FALSE
	EndGlobalSection
	GlobalSection(ExtensibilityGlobals) = postSolution
		SolutionGuid = {8E9D3874-8F91-4A55-85D9-DD1031670846}
	EndGlobalSection
EndGlobal
